
Microsoft Visual Studio Solution File, Format Version 12.00
# Visual Studio Version 17
VisualStudioVersion = 17.6.33815.320
MinimumVisualStudioVersion = 10.0.40219.1
Project("{FAE04EC0-301F-11D3-BF4B-00C04F79EFBC}") = "Uas_A16", "Uas_A16\Uas_A16.csproj", "{D2140E09-00D4-4BF9-985F-FC8F6FFC9B37}"
EndProject
Global
	GlobalSection(SolutionConfigurationPlatforms) = preSolution
		Debug|Any CPU = Debug|Any CPU
		Release|Any CPU = Release|Any CPU
	EndGlobalSection
	GlobalSection(ProjectConfigurationPlatforms) = postSolution
		{D2140E09-00D4-4BF9-985F-FC8F6FFC9B37}.Debug|Any CPU.ActiveCfg = Debug|Any CPU
		{D2140E09-00D4-4BF9-985F-FC8F6FFC9B37}.Debug|Any CPU.Build.0 = Debug|Any CPU
		{D2140E09-00D4-4BF9-985F-FC8F6FFC9B37}.Release|Any CPU.ActiveCfg = Release|Any CPU
		{D2140E09-00D4-4BF9-985F-FC8F6FFC9B37}.Release|Any CPU.Build.0 = Release|Any CPU
	EndGlobalSection
	GlobalSection(SolutionProperties) = preSolution
		HideSolutionNode = FALSE
	EndGlobalSection
	GlobalSection(ExtensibilityGlobals) = postSolution
		SolutionGuid = {7FD08578-E663-4888-8ECD-63275C24EDCA}
	EndGlobalSection
EndGlobal
